
Microsoft Visual Studio Solution File, Format Version 12.00
# Visual Studio Version 16
VisualStudioVersion = 16.0.31205.134
MinimumVisualStudioVersion = 10.0.40219.1
Project("{FAE04EC0-301F-11D3-BF4B-00C04F79EFBC}") = "winform logbook", "winform logbook\winform logbook.csproj", "{ACDACFB4-284A-4025-B1BE-9B8E5CBE14A2}"
EndProject
Global
	GlobalSection(SolutionConfigurationPlatforms) = preSolution
		Debug|Any CPU = Debug|Any CPU
		Release|Any CPU = Release|Any CPU
	EndGlobalSection
	GlobalSection(ProjectConfigurationPlatforms) = postSolution
		{ACDACFB4-284A-4025-B1BE-9B8E5CBE14A2}.Debug|Any CPU.ActiveCfg = Debug|Any CPU
		{ACDACFB4-284A-4025-B1BE-9B8E5CBE14A2}.Debug|Any CPU.Build.0 = Debug|Any CPU
		{ACDACFB4-284A-4025-B1BE-9B8E5CBE14A2}.Release|Any CPU.ActiveCfg = Release|Any CPU
		{ACDACFB4-284A-4025-B1BE-9B8E5CBE14A2}.Release|Any CPU.Build.0 = Release|Any CPU
	EndGlobalSection
	GlobalSection(SolutionProperties) = preSolution
		HideSolutionNode = FALSE
	EndGlobalSection
	GlobalSection(ExtensibilityGlobals) = postSolution
		SolutionGuid = {13BAA394-885A-44D5-80F1-F433BA735C4B}
	EndGlobalSection
EndGlobal
